
Microsoft Visual Studio Solution File, Format Version 12.00
# Visual Studio Version 18
VisualStudioVersion = 18.0.11217.181
MinimumVisualStudioVersion = 10.0.40219.1
Project("{FAE04EC0-301F-11D3-BF4B-00C04F79EFBC}") = "NucleusAF.Desktop", "NucleusAF.Surfaces\Avalonia\NucleusAF.Desktop\NucleusAF.Desktop.csproj", "{D951915C-E464-BB43-683A-A5911B7ACF61}"
EndProject
Project("{FAE04EC0-301F-11D3-BF4B-00C04F79EFBC}") = "NucleusAF", "NucleusAF\NucleusAF.csproj", "{E5C537E8-A528-4407-AD12-38627F532F26}"
EndProject
Project("{FAE04EC0-301F-11D3-BF4B-00C04F79EFBC}") = "NucleusAF.UnitTests", "NucleusAF.UnitTests\NucleusAF.UnitTests.csproj", "{1348857B-8FF7-2D37-1031-A25B6F82ECDF}"
EndProject
Project("{FAE04EC0-301F-11D3-BF4B-00C04F79EFBC}") = "NucleusAF.Mock", "NucleusAF.Modules\Framework\Diagnostics\NucleusAF.Mock\NucleusAF.Mock.csproj", "{2DD13FDC-63A7-68AC-BF33-A8610A93EF66}"
EndProject
Project("{FAE04EC0-301F-11D3-BF4B-00C04F79EFBC}") = "NucleusAF.Mock.UI", "NucleusAF.Modules\Surface\Avalonia\Diagnostics\NucleusAF.Mock.UI\NucleusAF.Mock.UI.csproj", "{39751F58-29F3-4A3F-943B-FFEB745D9694}"
EndProject
Project("{FAE04EC0-301F-11D3-BF4B-00C04F79EFBC}") = "NucleusAF.Avalonia", "NucleusAF.Surfaces\Avalonia\NucleusAF.Avalonia\NucleusAF.Avalonia.csproj", "{52A92505-8EA6-24C8-E4E0-4C5AF33CDEA2}"
EndProject
Project("{2150E333-8FDC-42A3-9474-1A3956D46DE8}") = "NucleusAF.Surfaces", "NucleusAF.Surfaces", "{7CACBCC3-9068-4749-9C92-F51662F2A004}"
EndProject
Project("{2150E333-8FDC-42A3-9474-1A3956D46DE8}") = "Avalonia", "Avalonia", "{76F65500-E1BD-4A0A-8CB4-675886763F59}"
EndProject
Project("{2150E333-8FDC-42A3-9474-1A3956D46DE8}") = "NucleusAF.Modules", "NucleusAF.Modules", "{02EA681E-C7D8-13C7-8484-4AC65E1B71E8}"
EndProject
Project("{2150E333-8FDC-42A3-9474-1A3956D46DE8}") = "SDL3", "SDL3", "{28A994AE-6820-4C1D-84D4-38D8B78A40C8}"
EndProject
Project("{2150E333-8FDC-42A3-9474-1A3956D46DE8}") = "Framework", "Framework", "{5120E7E8-BB3A-45F3-BB25-C62E99FEBFAD}"
EndProject
Project("{2150E333-8FDC-42A3-9474-1A3956D46DE8}") = "Diagnostics", "Diagnostics", "{BE98F26E-DC2B-4489-AC67-F846F27E9188}"
EndProject
Project("{2150E333-8FDC-42A3-9474-1A3956D46DE8}") = "Surface", "Surface", "{026D2BE7-C593-45EE-8C71-4561AD81DA41}"
EndProject
Project("{2150E333-8FDC-42A3-9474-1A3956D46DE8}") = "Avalonia", "Avalonia", "{95A6DB05-B5E2-4F79-A75A-99D6B17032D8}"
EndProject
Project("{2150E333-8FDC-42A3-9474-1A3956D46DE8}") = "Diagnostics", "Diagnostics", "{59390218-B20F-4A28-9F4B-B17C66AABCD7}"
EndProject
Project("{2150E333-8FDC-42A3-9474-1A3956D46DE8}") = "Tasks", "Tasks", "{D775931E-3E2A-4743-8C8E-B5119DC51EB0}"
EndProject
Project("{2150E333-8FDC-42A3-9474-1A3956D46DE8}") = "SDL3", "SDL3", "{8A8ABC31-6347-44E7-AC24-F9DC3CAE7124}"
EndProject
Project("{2150E333-8FDC-42A3-9474-1A3956D46DE8}") = "Frontends", "Frontends", "{003EB0E9-B9D5-4E1A-B4E0-2BA59CF74EA2}"
EndProject
Project("{2150E333-8FDC-42A3-9474-1A3956D46DE8}") = "NucleusAF.Toolkits", "NucleusAF.Toolkits", "{2CC9537C-02D9-4B86-9B89-6A8CA923EDC0}"
EndProject
Project("{2150E333-8FDC-42A3-9474-1A3956D46DE8}") = "SDL3", "SDL3", "{F9D791A6-2011-4DF1-8FC1-35D8402A6EA5}"
EndProject
Project("{2150E333-8FDC-42A3-9474-1A3956D46DE8}") = "Frontends", "Frontends", "{3F4E8F1B-49D3-4A57-AF07-DC8E8C982A8D}"
EndProject
Project("{2150E333-8FDC-42A3-9474-1A3956D46DE8}") = "Solution Items", "Solution Items", "{8EC462FD-D22E-90A8-E5CE-7E832BA40C5D}"
	ProjectSection(SolutionItems) = preProject
		NucleusAF.Modules.Build.targets = NucleusAF.Modules.Build.targets
		NucleusAF.Modules.Clean.targets = NucleusAF.Modules.Clean.targets
		NucleusAF.Modules.EntryPoints.targets = NucleusAF.Modules.EntryPoints.targets
	EndProjectSection
EndProject
Project("{2150E333-8FDC-42A3-9474-1A3956D46DE8}") = "Controls", "Controls", "{FFA6FB05-2049-4062-B7DD-9AA18E0098AB}"
EndProject
Global
	GlobalSection(SolutionConfigurationPlatforms) = preSolution
		Debug|Any CPU = Debug|Any CPU
		Release|Any CPU = Release|Any CPU
	EndGlobalSection
	GlobalSection(ProjectConfigurationPlatforms) = postSolution
		{D951915C-E464-BB43-683A-A5911B7ACF61}.Debug|Any CPU.ActiveCfg = Debug|Any CPU
		{D951915C-E464-BB43-683A-A5911B7ACF61}.Debug|Any CPU.Build.0 = Debug|Any CPU
		{D951915C-E464-BB43-683A-A5911B7ACF61}.Release|Any CPU.ActiveCfg = Release|Any CPU
		{D951915C-E464-BB43-683A-A5911B7ACF61}.Release|Any CPU.Build.0 = Release|Any CPU
		{E5C537E8-A528-4407-AD12-38627F532F26}.Debug|Any CPU.ActiveCfg = Debug|Any CPU
		{E5C537E8-A528-4407-AD12-38627F532F26}.Debug|Any CPU.Build.0 = Debug|Any CPU
		{E5C537E8-A528-4407-AD12-38627F532F26}.Release|Any CPU.ActiveCfg = Release|Any CPU
		{E5C537E8-A528-4407-AD12-38627F532F26}.Release|Any CPU.Build.0 = Release|Any CPU
		{1348857B-8FF7-2D37-1031-A25B6F82ECDF}.Debug|Any CPU.ActiveCfg = Debug|Any CPU
		{1348857B-8FF7-2D37-1031-A25B6F82ECDF}.Debug|Any CPU.Build.0 = Debug|Any CPU
		{1348857B-8FF7-2D37-1031-A25B6F82ECDF}.Release|Any CPU.ActiveCfg = Release|Any CPU
		{1348857B-8FF7-2D37-1031-A25B6F82ECDF}.Release|Any CPU.Build.0 = Release|Any CPU
		{2DD13FDC-63A7-68AC-BF33-A8610A93EF66}.Debug|Any CPU.ActiveCfg = Debug|Any CPU
		{2DD13FDC-63A7-68AC-BF33-A8610A93EF66}.Debug|Any CPU.Build.0 = Debug|Any CPU
		{2DD13FDC-63A7-68AC-BF33-A8610A93EF66}.Release|Any CPU.ActiveCfg = Release|Any CPU
		{2DD13FDC-63A7-68AC-BF33-A8610A93EF66}.Release|Any CPU.Build.0 = Release|Any CPU
		{39751F58-29F3-4A3F-943B-FFEB745D9694}.Debug|Any CPU.ActiveCfg = Debug|Any CPU
		{39751F58-29F3-4A3F-943B-FFEB745D9694}.Debug|Any CPU.Build.0 = Debug|Any CPU
		{39751F58-29F3-4A3F-943B-FFEB745D9694}.Release|Any CPU.ActiveCfg = Release|Any CPU
		{39751F58-29F3-4A3F-943B-FFEB745D9694}.Release|Any CPU.Build.0 = Release|Any CPU
		{52A92505-8EA6-24C8-E4E0-4C5AF33CDEA2}.Debug|Any CPU.ActiveCfg = Debug|Any CPU
		{52A92505-8EA6-24C8-E4E0-4C5AF33CDEA2}.Debug|Any CPU.Build.0 = Debug|Any CPU
		{52A92505-8EA6-24C8-E4E0-4C5AF33CDEA2}.Release|Any CPU.ActiveCfg = Release|Any CPU
		{52A92505-8EA6-24C8-E4E0-4C5AF33CDEA2}.Release|Any CPU.Build.0 = Release|Any CPU
	EndGlobalSection
	GlobalSection(SolutionProperties) = preSolution
		HideSolutionNode = FALSE
	EndGlobalSection
	GlobalSection(NestedProjects) = preSolution
		{D951915C-E464-BB43-683A-A5911B7ACF61} = {76F65500-E1BD-4A0A-8CB4-675886763F59}
		{2DD13FDC-63A7-68AC-BF33-A8610A93EF66} = {BE98F26E-DC2B-4489-AC67-F846F27E9188}
		{39751F58-29F3-4A3F-943B-FFEB745D9694} = {59390218-B20F-4A28-9F4B-B17C66AABCD7}
		{52A92505-8EA6-24C8-E4E0-4C5AF33CDEA2} = {76F65500-E1BD-4A0A-8CB4-675886763F59}
		{76F65500-E1BD-4A0A-8CB4-675886763F59} = {7CACBCC3-9068-4749-9C92-F51662F2A004}
		{28A994AE-6820-4C1D-84D4-38D8B78A40C8} = {7CACBCC3-9068-4749-9C92-F51662F2A004}
		{5120E7E8-BB3A-45F3-BB25-C62E99FEBFAD} = {02EA681E-C7D8-13C7-8484-4AC65E1B71E8}
		{BE98F26E-DC2B-4489-AC67-F846F27E9188} = {5120E7E8-BB3A-45F3-BB25-C62E99FEBFAD}
		{026D2BE7-C593-45EE-8C71-4561AD81DA41} = {02EA681E-C7D8-13C7-8484-4AC65E1B71E8}
		{95A6DB05-B5E2-4F79-A75A-99D6B17032D8} = {026D2BE7-C593-45EE-8C71-4561AD81DA41}
		{59390218-B20F-4A28-9F4B-B17C66AABCD7} = {95A6DB05-B5E2-4F79-A75A-99D6B17032D8}
		{D775931E-3E2A-4743-8C8E-B5119DC51EB0} = {5120E7E8-BB3A-45F3-BB25-C62E99FEBFAD}
		{8A8ABC31-6347-44E7-AC24-F9DC3CAE7124} = {003EB0E9-B9D5-4E1A-B4E0-2BA59CF74EA2}
		{003EB0E9-B9D5-4E1A-B4E0-2BA59CF74EA2} = {2CC9537C-02D9-4B86-9B89-6A8CA923EDC0}
		{F9D791A6-2011-4DF1-8FC1-35D8402A6EA5} = {026D2BE7-C593-45EE-8C71-4561AD81DA41}
		{3F4E8F1B-49D3-4A57-AF07-DC8E8C982A8D} = {F9D791A6-2011-4DF1-8FC1-35D8402A6EA5}
		{FFA6FB05-2049-4062-B7DD-9AA18E0098AB} = {95A6DB05-B5E2-4F79-A75A-99D6B17032D8}
	EndGlobalSection
	GlobalSection(ExtensibilityGlobals) = postSolution
		SolutionGuid = {83CB65B8-011F-4ED7-BCD3-A6CFA935EF7E}
	EndGlobalSection
EndGlobal
